
Microsoft Visual Studio Solution File, Format Version 12.00
# Visual Studio Version 17
VisualStudioVersion = 17.11.35312.102
MinimumVisualStudioVersion = 10.0.40219.1
Project("{FAE04EC0-301F-11D3-BF4B-00C04F79EFBC}") = "fullOOP.AppUI", "fullOOP.AppUI\fullOOP.AppUI.csproj", "{27C7F93E-2F02-4A17-9157-9FA0AD1D8E3A}"
EndProject
Global
	GlobalSection(SolutionConfigurationPlatforms) = preSolution
		Debug|Any CPU = Debug|Any CPU
		Release|Any CPU = Release|Any CPU
	EndGlobalSection
	GlobalSection(ProjectConfigurationPlatforms) = postSolution
		{27C7F93E-2F02-4A17-9157-9FA0AD1D8E3A}.Debug|Any CPU.ActiveCfg = Debug|Any CPU
		{27C7F93E-2F02-4A17-9157-9FA0AD1D8E3A}.Debug|Any CPU.Build.0 = Debug|Any CPU
		{27C7F93E-2F02-4A17-9157-9FA0AD1D8E3A}.Release|Any CPU.ActiveCfg = Release|Any CPU
		{27C7F93E-2F02-4A17-9157-9FA0AD1D8E3A}.Release|Any CPU.Build.0 = Release|Any CPU
	EndGlobalSection
	GlobalSection(SolutionProperties) = preSolution
		HideSolutionNode = FALSE
	EndGlobalSection
	GlobalSection(ExtensibilityGlobals) = postSolution
		SolutionGuid = {2A5F4FFF-CCA6-48FA-A348-CD85F952D188}
	EndGlobalSection
EndGlobal
